
Microsoft Visual Studio Solution File, Format Version 12.00
# Visual Studio Version 17
VisualStudioVersion = 17.5.33627.172
MinimumVisualStudioVersion = 10.0.40219.1
Project("{FAE04EC0-301F-11D3-BF4B-00C04F79EFBC}") = "CloudCostumers.UnitTests", "CloudCostumers.UnitTests\CloudCostumers.UnitTests.csproj", "{13D80BD6-5EBF-4443-8E6A-D05F0444B68A}"
EndProject
Project("{FAE04EC0-301F-11D3-BF4B-00C04F79EFBC}") = "CloudCostumers.API", "CloudCostumers.API\CloudCostumers.API.csproj", "{1A4627FD-0C52-40E8-AC0A-5F8380EB8D5E}"
EndProject
Global
	GlobalSection(SolutionConfigurationPlatforms) = preSolution
		Debug|Any CPU = Debug|Any CPU
		Release|Any CPU = Release|Any CPU
	EndGlobalSection
	GlobalSection(ProjectConfigurationPlatforms) = postSolution
		{13D80BD6-5EBF-4443-8E6A-D05F0444B68A}.Debug|Any CPU.ActiveCfg = Debug|Any CPU
		{13D80BD6-5EBF-4443-8E6A-D05F0444B68A}.Debug|Any CPU.Build.0 = Debug|Any CPU
		{13D80BD6-5EBF-4443-8E6A-D05F0444B68A}.Release|Any CPU.ActiveCfg = Release|Any CPU
		{13D80BD6-5EBF-4443-8E6A-D05F0444B68A}.Release|Any CPU.Build.0 = Release|Any CPU
		{1A4627FD-0C52-40E8-AC0A-5F8380EB8D5E}.Debug|Any CPU.ActiveCfg = Debug|Any CPU
		{1A4627FD-0C52-40E8-AC0A-5F8380EB8D5E}.Debug|Any CPU.Build.0 = Debug|Any CPU
		{1A4627FD-0C52-40E8-AC0A-5F8380EB8D5E}.Release|Any CPU.ActiveCfg = Release|Any CPU
		{1A4627FD-0C52-40E8-AC0A-5F8380EB8D5E}.Release|Any CPU.Build.0 = Release|Any CPU
	EndGlobalSection
	GlobalSection(SolutionProperties) = preSolution
		HideSolutionNode = FALSE
	EndGlobalSection
	GlobalSection(ExtensibilityGlobals) = postSolution
		SolutionGuid = {D209FB2C-B4CB-4083-8D73-0CF0D26EA96C}
	EndGlobalSection
EndGlobal
